
Microsoft Visual Studio Solution File, Format Version 12.00
# Visual Studio Version 16
VisualStudioVersion = 25.0.1706.14
MinimumVisualStudioVersion = 10.0.40219.1
Project("{FAE04EC0-301F-11D3-BF4B-00C04F79EFBC}") = "Q1", "Q1\Q1.csproj", "{AFD264E2-67F0-4DF1-ACB0-DDEED4488759}"
EndProject
Global
	GlobalSection(SolutionConfigurationPlatforms) = preSolution
		Debug|Any CPU = Debug|Any CPU
		Release|Any CPU = Release|Any CPU
	EndGlobalSection
	GlobalSection(ProjectConfigurationPlatforms) = postSolution
		{AFD264E2-67F0-4DF1-ACB0-DDEED4488759}.Debug|Any CPU.ActiveCfg = Debug|Any CPU
		{AFD264E2-67F0-4DF1-ACB0-DDEED4488759}.Debug|Any CPU.Build.0 = Debug|Any CPU
		{AFD264E2-67F0-4DF1-ACB0-DDEED4488759}.Release|Any CPU.ActiveCfg = Release|Any CPU
		{AFD264E2-67F0-4DF1-ACB0-DDEED4488759}.Release|Any CPU.Build.0 = Release|Any CPU
	EndGlobalSection
	GlobalSection(SolutionProperties) = preSolution
		HideSolutionNode = FALSE
	EndGlobalSection
	GlobalSection(ExtensibilityGlobals) = postSolution
		SolutionGuid = {B8367747-2C40-415C-BFEB-3A83773986D0}
	EndGlobalSection
EndGlobal
