
Microsoft Visual Studio Solution File, Format Version 12.00
# Visual Studio Version 16
VisualStudioVersion = 25.0.1706.14
MinimumVisualStudioVersion = 10.0.40219.1
Project("{FAE04EC0-301F-11D3-BF4B-00C04F79EFBC}") = "Q3", "Q3\Q3.csproj", "{7D1C0B66-636B-4B23-A603-FD510542030D}"
EndProject
Global
	GlobalSection(SolutionConfigurationPlatforms) = preSolution
		Debug|Any CPU = Debug|Any CPU
		Release|Any CPU = Release|Any CPU
	EndGlobalSection
	GlobalSection(ProjectConfigurationPlatforms) = postSolution
		{7D1C0B66-636B-4B23-A603-FD510542030D}.Debug|Any CPU.ActiveCfg = Debug|Any CPU
		{7D1C0B66-636B-4B23-A603-FD510542030D}.Debug|Any CPU.Build.0 = Debug|Any CPU
		{7D1C0B66-636B-4B23-A603-FD510542030D}.Release|Any CPU.ActiveCfg = Release|Any CPU
		{7D1C0B66-636B-4B23-A603-FD510542030D}.Release|Any CPU.Build.0 = Release|Any CPU
	EndGlobalSection
	GlobalSection(SolutionProperties) = preSolution
		HideSolutionNode = FALSE
	EndGlobalSection
	GlobalSection(ExtensibilityGlobals) = postSolution
		SolutionGuid = {FA31420E-9FD5-4556-8778-99C11E27E669}
	EndGlobalSection
EndGlobal
