
Microsoft Visual Studio Solution File, Format Version 12.00
# Visual Studio Version 16
VisualStudioVersion = 25.0.1706.14
MinimumVisualStudioVersion = 10.0.40219.1
Project("{FAE04EC0-301F-11D3-BF4B-00C04F79EFBC}") = "Q1", "Q1\Q1.csproj", "{67B125D0-9ED0-4676-9494-F142491A7E42}"
EndProject
Global
	GlobalSection(SolutionConfigurationPlatforms) = preSolution
		Debug|Any CPU = Debug|Any CPU
		Release|Any CPU = Release|Any CPU
	EndGlobalSection
	GlobalSection(ProjectConfigurationPlatforms) = postSolution
		{67B125D0-9ED0-4676-9494-F142491A7E42}.Debug|Any CPU.ActiveCfg = Debug|Any CPU
		{67B125D0-9ED0-4676-9494-F142491A7E42}.Debug|Any CPU.Build.0 = Debug|Any CPU
		{67B125D0-9ED0-4676-9494-F142491A7E42}.Release|Any CPU.ActiveCfg = Release|Any CPU
		{67B125D0-9ED0-4676-9494-F142491A7E42}.Release|Any CPU.Build.0 = Release|Any CPU
	EndGlobalSection
	GlobalSection(SolutionProperties) = preSolution
		HideSolutionNode = FALSE
	EndGlobalSection
	GlobalSection(ExtensibilityGlobals) = postSolution
		SolutionGuid = {F9B2BED3-8FE7-4506-8E52-510163015EC0}
	EndGlobalSection
EndGlobal
